
Microsoft Visual Studio Solution File, Format Version 12.00
# Visual Studio Version 17
VisualStudioVersion = 17.4.33205.214
MinimumVisualStudioVersion = 10.0.40219.1
Project("{9A19103F-16F7-4668-BE54-9A1E7A4F7556}") = "RaynorJdeApiDynamicConfigurator", "RaynorJdeApiDynamicConfigurator.csproj", "{43FACD64-9190-44AE-A876-3A2D3F31413F}"
EndProject
Global
	GlobalSection(SolutionConfigurationPlatforms) = preSolution
		Debug|Any CPU = Debug|Any CPU
		Release|Any CPU = Release|Any CPU
	EndGlobalSection
	GlobalSection(ProjectConfigurationPlatforms) = postSolution
		{43FACD64-9190-44AE-A876-3A2D3F31413F}.Debug|Any CPU.ActiveCfg = Debug|Any CPU
		{43FACD64-9190-44AE-A876-3A2D3F31413F}.Debug|Any CPU.Build.0 = Debug|Any CPU
		{43FACD64-9190-44AE-A876-3A2D3F31413F}.Release|Any CPU.ActiveCfg = Release|Any CPU
		{43FACD64-9190-44AE-A876-3A2D3F31413F}.Release|Any CPU.Build.0 = Release|Any CPU
	EndGlobalSection
	GlobalSection(SolutionProperties) = preSolution
		HideSolutionNode = FALSE
	EndGlobalSection
	GlobalSection(ExtensibilityGlobals) = postSolution
		SolutionGuid = {DFA21D3B-C09E-44C0-9FBF-30F760596D71}
	EndGlobalSection
EndGlobal
